
Microsoft Visual Studio Solution File, Format Version 12.00
# Visual Studio 15
VisualStudioVersion = 15.0.26228.9
MinimumVisualStudioVersion = 10.0.40219.1
Project("{FAE04EC0-301F-11D3-BF4B-00C04F79EFBC}") = "SCV.FAC", "SCV.FAC\SCV.FAC.csproj", "{0B6999F3-03FA-463E-988A-3F07627956F5}"
EndProject
Project("{FAE04EC0-301F-11D3-BF4B-00C04F79EFBC}") = "SCV.BLL", "SCV.BLL\SCV.BLL.csproj", "{D1BEA672-C903-40D3-B7E8-7DE888733560}"
EndProject
Project("{FAE04EC0-301F-11D3-BF4B-00C04F79EFBC}") = "SCV.DAL", "SCV.DAL\SCV.DAL.csproj", "{952A3753-3E5B-42BC-917A-19E59923CC5A}"
EndProject
Project("{FAE04EC0-301F-11D3-BF4B-00C04F79EFBC}") = "SCV.DTO", "SCV.DTO\SCV.DTO.csproj", "{60CDB185-F71D-470D-91ED-8E0277C1AF23}"
EndProject
Project("{FAE04EC0-301F-11D3-BF4B-00C04F79EFBC}") = "SCV.UTL", "SCV.UTL\SCV.UTL.csproj", "{5337BE05-322E-47C2-8D57-27A49C444FD4}"
EndProject
Project("{FAE04EC0-301F-11D3-BF4B-00C04F79EFBC}") = "SCV.WPF", "SCV.WPF\SCV.WPF.csproj", "{0D6370B0-B6A8-4C62-B726-8F8AE51B0880}"
EndProject
Global
	GlobalSection(SolutionConfigurationPlatforms) = preSolution
		Debug|Any CPU = Debug|Any CPU
		Debug|x86 = Debug|x86
		Release|Any CPU = Release|Any CPU
		Release|x86 = Release|x86
	EndGlobalSection
	GlobalSection(ProjectConfigurationPlatforms) = postSolution
		{0B6999F3-03FA-463E-988A-3F07627956F5}.Debug|Any CPU.ActiveCfg = Debug|Any CPU
		{0B6999F3-03FA-463E-988A-3F07627956F5}.Debug|Any CPU.Build.0 = Debug|Any CPU
		{0B6999F3-03FA-463E-988A-3F07627956F5}.Debug|x86.ActiveCfg = Debug|Any CPU
		{0B6999F3-03FA-463E-988A-3F07627956F5}.Debug|x86.Build.0 = Debug|Any CPU
		{0B6999F3-03FA-463E-988A-3F07627956F5}.Release|Any CPU.ActiveCfg = Release|Any CPU
		{0B6999F3-03FA-463E-988A-3F07627956F5}.Release|Any CPU.Build.0 = Release|Any CPU
		{0B6999F3-03FA-463E-988A-3F07627956F5}.Release|x86.ActiveCfg = Release|Any CPU
		{0B6999F3-03FA-463E-988A-3F07627956F5}.Release|x86.Build.0 = Release|Any CPU
		{D1BEA672-C903-40D3-B7E8-7DE888733560}.Debug|Any CPU.ActiveCfg = Debug|Any CPU
		{D1BEA672-C903-40D3-B7E8-7DE888733560}.Debug|Any CPU.Build.0 = Debug|Any CPU
		{D1BEA672-C903-40D3-B7E8-7DE888733560}.Debug|x86.ActiveCfg = Debug|Any CPU
		{D1BEA672-C903-40D3-B7E8-7DE888733560}.Debug|x86.Build.0 = Debug|Any CPU
		{D1BEA672-C903-40D3-B7E8-7DE888733560}.Release|Any CPU.ActiveCfg = Release|Any CPU
		{D1BEA672-C903-40D3-B7E8-7DE888733560}.Release|Any CPU.Build.0 = Release|Any CPU
		{D1BEA672-C903-40D3-B7E8-7DE888733560}.Release|x86.ActiveCfg = Release|Any CPU
		{D1BEA672-C903-40D3-B7E8-7DE888733560}.Release|x86.Build.0 = Release|Any CPU
		{952A3753-3E5B-42BC-917A-19E59923CC5A}.Debug|Any CPU.ActiveCfg = Debug|Any CPU
		{952A3753-3E5B-42BC-917A-19E59923CC5A}.Debug|Any CPU.Build.0 = Debug|Any CPU
		{952A3753-3E5B-42BC-917A-19E59923CC5A}.Debug|x86.ActiveCfg = Debug|Any CPU
		{952A3753-3E5B-42BC-917A-19E59923CC5A}.Debug|x86.Build.0 = Debug|Any CPU
		{952A3753-3E5B-42BC-917A-19E59923CC5A}.Release|Any CPU.ActiveCfg = Release|Any CPU
		{952A3753-3E5B-42BC-917A-19E59923CC5A}.Release|Any CPU.Build.0 = Release|Any CPU
		{952A3753-3E5B-42BC-917A-19E59923CC5A}.Release|x86.ActiveCfg = Release|Any CPU
		{952A3753-3E5B-42BC-917A-19E59923CC5A}.Release|x86.Build.0 = Release|Any CPU
		{60CDB185-F71D-470D-91ED-8E0277C1AF23}.Debug|Any CPU.ActiveCfg = Debug|Any CPU
		{60CDB185-F71D-470D-91ED-8E0277C1AF23}.Debug|Any CPU.Build.0 = Debug|Any CPU
		{60CDB185-F71D-470D-91ED-8E0277C1AF23}.Debug|x86.ActiveCfg = Debug|Any CPU
		{60CDB185-F71D-470D-91ED-8E0277C1AF23}.Debug|x86.Build.0 = Debug|Any CPU
		{60CDB185-F71D-470D-91ED-8E0277C1AF23}.Release|Any CPU.ActiveCfg = Release|Any CPU
		{60CDB185-F71D-470D-91ED-8E0277C1AF23}.Release|Any CPU.Build.0 = Release|Any CPU
		{60CDB185-F71D-470D-91ED-8E0277C1AF23}.Release|x86.ActiveCfg = Release|Any CPU
		{60CDB185-F71D-470D-91ED-8E0277C1AF23}.Release|x86.Build.0 = Release|Any CPU
		{5337BE05-322E-47C2-8D57-27A49C444FD4}.Debug|Any CPU.ActiveCfg = Debug|Any CPU
		{5337BE05-322E-47C2-8D57-27A49C444FD4}.Debug|Any CPU.Build.0 = Debug|Any CPU
		{5337BE05-322E-47C2-8D57-27A49C444FD4}.Debug|x86.ActiveCfg = Debug|Any CPU
		{5337BE05-322E-47C2-8D57-27A49C444FD4}.Debug|x86.Build.0 = Debug|Any CPU
		{5337BE05-322E-47C2-8D57-27A49C444FD4}.Release|Any CPU.ActiveCfg = Release|Any CPU
		{5337BE05-322E-47C2-8D57-27A49C444FD4}.Release|Any CPU.Build.0 = Release|Any CPU
		{5337BE05-322E-47C2-8D57-27A49C444FD4}.Release|x86.ActiveCfg = Release|Any CPU
		{5337BE05-322E-47C2-8D57-27A49C444FD4}.Release|x86.Build.0 = Release|Any CPU
		{0D6370B0-B6A8-4C62-B726-8F8AE51B0880}.Debug|Any CPU.ActiveCfg = Debug|x86
		{0D6370B0-B6A8-4C62-B726-8F8AE51B0880}.Debug|Any CPU.Build.0 = Debug|x86
		{0D6370B0-B6A8-4C62-B726-8F8AE51B0880}.Debug|Any CPU.Deploy.0 = Debug|x86
		{0D6370B0-B6A8-4C62-B726-8F8AE51B0880}.Debug|x86.ActiveCfg = Debug|x86
		{0D6370B0-B6A8-4C62-B726-8F8AE51B0880}.Debug|x86.Build.0 = Debug|x86
		{0D6370B0-B6A8-4C62-B726-8F8AE51B0880}.Release|Any CPU.ActiveCfg = Release|x86
		{0D6370B0-B6A8-4C62-B726-8F8AE51B0880}.Release|x86.ActiveCfg = Release|x86
		{0D6370B0-B6A8-4C62-B726-8F8AE51B0880}.Release|x86.Build.0 = Release|x86
	EndGlobalSection
	GlobalSection(SolutionProperties) = preSolution
		HideSolutionNode = FALSE
	EndGlobalSection
EndGlobal
